# THIS IS AN AUTOGENERATED FILE. DO NOT EDIT THIS FILE DIRECTLY.
# yarn lockfile v1


"@popperjs/core@^2.11.8":
  "integrity" "sha512-P1st0aksCrn9sGZhp8GMYwBnQsbvAWsZAX44oXNNvLHGqAOcoVxmjZiohstwQ7SqKnbR47akdNi+uleWD8+g6A=="
  "resolved" "https://registry.npmjs.org/@popperjs/core/-/core-2.11.8.tgz"
  "version" "2.11.8"

"open-props@^1.7.6":
  "integrity" "sha512-fE3E22x8lCf6gJrPO3L54NKrPaqQGxeKoXLz4JIXrhALD3Ua1kkE2kMw8HmlTKYF9BSLLMfoVfsT3UC1PJcaww=="
  "resolved" "https://registry.npmjs.org/open-props/-/open-props-1.7.6.tgz"
  "version" "1.7.6"
